github.com/cncf/foundation v0.0.0-20260202205210-94f5c56dccf4 h1:BWKfIbicTFE8C2QgQS4uTtvcfc97qWVeGZUE9mOC+t8=
github.com/cncf/foundation v0.0.0-20260202205210-94f5c56dccf4/go.mod h1:Bc+TWRzbCv6T+tkQqNuwGA3cGk017o2TE5CAmu9EY/Q=
github.com/cncf/foundation v0.0.0-20260213115547-899b0de7f20d h1:b9WxNhDNhAvGHn677OkjIlSTkl+b0N2O1x+5CCjxhc4=
github.com/cncf/foundation v0.0.0-20260213115547-899b0de7f20d/go.mod h1:Bc+TWRzbCv6T+tkQqNuwGA3cGk017o2TE5CAmu9EY/Q=
github.com/kubernetes/sig-release v0.0.0-20260202214826-624822f8822c h1:l7+EGkMqg/SBK2bY28ZgnuHW0PfLHr2L3TIAE3O8D0o=
github.com/kubernetes/sig-release v0.0.0-20260202214826-624822f8822c/go.mod h1:sNxEc7U86IjC93kZywZHM8psA/Moy8DMXXwP2N+EAe0=
github.com/kubernetes/sig-release v0.0.0-20260213154600-4664fda9dd9b h1:Kd2CNI54Ny0QuWiiEPws3FAysot+QRIbdVt9zrDW2tA=
github.com/kubernetes/sig-release v0.0.0-20260213154600-4664fda9dd9b/go.mod h1:sNxEc7U86IjC93kZywZHM8psA/Moy8DMXXwP2N+EAe0=
k8s.io/community v0.0.0-20260203101630-a24805997f22 h1:f+gIgCWlPdh6Gvxsm9muQHR12ZSaGThLVzlgf5aShqA=
k8s.io/community v0.0.0-20260203101630-a24805997f22/go.mod h1:xtSUbAS2+b+VSyXBArm0L8NyzxCRQnrZj1PrFq2v1Zw=
k8s.io/community v0.0.0-20260214141759-4bea83be3fe0 h1:HlCv+8PcjEC9K/ytuYfTp/ZJagIFnwl1xEbuLUWU3FI=
k8s.io/community v0.0.0-20260214141759-4bea83be3fe0/go.mod h1:xtSUbAS2+b+VSyXBArm0L8NyzxCRQnrZj1PrFq2v1Zw=
